{
  "version": 4,
  "terraform_version": "1.3.5",
  "serial": 28,
  "lineage": "fb592c7e-de4c-db31-f1f6-5519dd50b2d5",
  "outputs": {
    "Instance-ID": {
      "value": "i-054991cacb1c8eba1",
      "type": "string"
    },
    "Private-IP": {
      "value": "172.31.27.22",
      "type": "string"
    },
    "Public-IP": {
      "value": "100.26.54.230",
      "type": "string"
    }
  },
  "resources": [
    {
      "mode": "data",
      "type": "aws_ec2_instance_type_offerings",
      "name": "t2",
      "provider": "provider[\"registry.terraform.io/hashicorp/aws\"]",
      "instances": [
        {
          "schema_version": 0,
          "attributes": {
            "filter": [
              {
                "name": "instance-type",
                "values": [
                  "t2.*"
                ]
              }
            ],
            "id": "us-east-1",
            "instance_types": [
              "t2.micro",
              "t2.2xlarge",
              "t2.medium",
              "t2.nano",
              "t2.small",
              "t2.xlarge",
              "t2.large"
            ],
            "location_type": "region",
            "location_types": [
              "region",
              "region",
              "region",
              "region",
              "region",
              "region",
              "region"
            ],
            "locations": [
              "us-east-1",
              "us-east-1",
              "us-east-1",
              "us-east-1",
              "us-east-1",
              "us-east-1",
              "us-east-1"
            ]
          },
          "sensitive_attributes": []
        }
      ]
    },
    {
      "mode": "managed",
      "type": "aws_instance",
      "name": "app",
      "provider": "provider[\"registry.terraform.io/hashicorp/aws\"]",
      "instances": [
        {
          "schema_version": 1,
          "attributes": {
            "ami": "ami-13be557e",
            "arn": "arn:aws:ec2:us-east-1:283876870825:instance/i-054991cacb1c8eba1",
            "associate_public_ip_address": true,
            "availability_zone": "us-east-1d",
            "capacity_reservation_specification": [
              {
                "capacity_reservation_preference": "open",
                "capacity_reservation_target": []
              }
            ],
            "cpu_core_count": 1,
            "cpu_threads_per_core": 1,
            "credit_specification": [
              {
                "cpu_credits": "standard"
              }
            ],
            "disable_api_termination": false,
            "ebs_block_device": [],
            "ebs_optimized": false,
            "enclave_options": [
              {
                "enabled": false
              }
            ],
            "ephemeral_block_device": [],
            "get_password_data": false,
            "hibernation": false,
            "host_id": null,
            "iam_instance_profile": "",
            "id": "i-054991cacb1c8eba1",
            "instance_initiated_shutdown_behavior": "stop",
            "instance_state": "running",
            "instance_type": "t2.micro",
            "ipv6_address_count": 0,
            "ipv6_addresses": [],
            "key_name": "",
            "launch_template": [],
            "metadata_options": [
              {
                "http_endpoint": "enabled",
                "http_put_response_hop_limit": 1,
                "http_tokens": "optional"
              }
            ],
            "monitoring": false,
            "network_interface": [],
            "outpost_arn": "",
            "password_data": "",
            "placement_group": "",
            "placement_partition_number": null,
            "primary_network_interface_id": "eni-07a9d29d789403ed6",
            "private_dns": "ip-172-31-27-22.ec2.internal",
            "private_ip": "172.31.27.22",
            "public_dns": "ec2-100-26-54-230.compute-1.amazonaws.com",
            "public_ip": "100.26.54.230",
            "root_block_device": [
              {
                "delete_on_termination": true,
                "device_name": "/dev/sda1",
                "encrypted": true,
                "iops": 100,
                "kms_key_id": "arn:aws:kms:us-east-1:283876870825:key/67448daa-5855-4fbc-9efe-3f492e4263fd",
                "tags": {},
                "throughput": 0,
                "volume_id": "vol-025f0c08a6dd5d1ad",
                "volume_size": 8,
                "volume_type": "gp2"
              }
            ],
            "secondary_private_ips": [],
            "security_groups": [
              "default"
            ],
            "source_dest_check": true,
            "subnet_id": "subnet-03f7e576a2f166e8e",
            "tags": {
              "Name": "server"
            },
            "tags_all": {
              "Name": "server"
            },
            "tenancy": "default",
            "timeouts": null,
            "user_data": "02f765b35be1d46d696d0c349470d5ab8c67e746",
            "user_data_base64": null,
            "volume_tags": null,
            "vpc_security_group_ids": [
              "sg-0052c75c3978c396c"
            ]
          },
          "sensitive_attributes": [],
          "private": "eyJlMmJmYjczMC1lY2FhLTExZTYtOGY4OC0zNDM2M2JjN2M0YzAiOnsiY3JlYXRlIjo2MDAwMDAwMDAwMDAsImRlbGV0ZSI6MTIwMDAwMDAwMDAwMCwidXBkYXRlIjo2MDAwMDAwMDAwMDB9LCJzY2hlbWFfdmVyc2lvbiI6IjEifQ=="
        }
      ]
    }
  ],
  "check_results": null
}
