{
  "version": 4,
  "terraform_version": "1.0.0",
  "serial": 160,
  "lineage": "c69e724f-efd7-4f37-5504-e03059ec5f35",
  "outputs": {
    "public_ip": {
      "value": "65.2.11.101",
      "type": "string"
    }
  },
  "resources": [
    {
      "mode": "data",
      "type": "aws_ec2_instance_type_offerings",
      "name": "t2",
      "provider": "provider[\"registry.terraform.io/hashicorp/aws\"]",
      "instances": [
        {
          "schema_version": 0,
          "attributes": {
            "filter": [
              {
                "name": "instance-type",
                "values": [
                  "t2.*"
                ]
              }
            ],
            "id": "ap-south-1",
            "instance_types": [
              "t2.nano",
              "t2.medium",
              "t2.micro",
              "t2.large",
              "t2.small",
              "t2.xlarge",
              "t2.2xlarge"
            ],
            "location_type": "region",
            "location_types": [
              "region",
              "region",
              "region",
              "region",
              "region",
              "region",
              "region"
            ],
            "locations": [
              "ap-south-1",
              "ap-south-1",
              "ap-south-1",
              "ap-south-1",
              "ap-south-1",
              "ap-south-1",
              "ap-south-1"
            ]
          },
          "sensitive_attributes": []
        }
      ]
    },
    {
      "mode": "managed",
      "type": "aws_instance",
      "name": "app",
      "provider": "provider[\"registry.terraform.io/hashicorp/aws\"]",
      "instances": [
        {
          "schema_version": 1,
          "attributes": {
            "ami": "ami-015453d00db6f4699",
            "arn": "arn:aws:ec2:ap-south-1:936766936551:instance/i-08e674436c69bb6bf",
            "associate_public_ip_address": true,
            "availability_zone": "ap-south-1a",
            "capacity_reservation_specification": [
              {
                "capacity_reservation_preference": "open",
                "capacity_reservation_target": []
              }
            ],
            "cpu_core_count": 1,
            "cpu_threads_per_core": 1,
            "credit_specification": [
              {
                "cpu_credits": "standard"
              }
            ],
            "disable_api_termination": false,
            "ebs_block_device": [],
            "ebs_optimized": false,
            "enclave_options": [
              {
                "enabled": false
              }
            ],
            "ephemeral_block_device": [],
            "get_password_data": false,
            "hibernation": false,
            "host_id": null,
            "iam_instance_profile": "",
            "id": "i-08e674436c69bb6bf",
            "instance_initiated_shutdown_behavior": "stop",
            "instance_state": "running",
            "instance_type": "t2.micro",
            "ipv6_address_count": 0,
            "ipv6_addresses": [],
            "key_name": "mumbai",
            "launch_template": [],
            "metadata_options": [
              {
                "http_endpoint": "enabled",
                "http_put_response_hop_limit": 1,
                "http_tokens": "optional"
              }
            ],
            "monitoring": false,
            "network_interface": [],
            "outpost_arn": "",
            "password_data": "",
            "placement_group": "",
            "placement_partition_number": null,
            "primary_network_interface_id": "eni-04f97b1e6bb11a471",
            "private_dns": "ip-172-31-43-251.ap-south-1.compute.internal",
            "private_ip": "172.31.43.251",
            "public_dns": "ec2-65-2-11-101.ap-south-1.compute.amazonaws.com",
            "public_ip": "65.2.11.101",
            "root_block_device": [
              {
                "delete_on_termination": true,
                "device_name": "/dev/sda1",
                "encrypted": false,
                "iops": 100,
                "kms_key_id": "",
                "tags": {},
                "throughput": 0,
                "volume_id": "vol-0f8e6007c057a7e84",
                "volume_size": 10,
                "volume_type": "gp2"
              }
            ],
            "secondary_private_ips": [],
            "security_groups": [
              "default"
            ],
            "source_dest_check": true,
            "subnet_id": "subnet-9bcd38f0",
            "tags": {
              "Name": "server-01"
            },
            "tags_all": {
              "Name": "server-01"
            },
            "tenancy": "default",
            "timeouts": null,
            "user_data": "d066b894397a6dbe7bf3c1c76b6a469fd2e18140",
            "user_data_base64": null,
            "volume_tags": null,
            "vpc_security_group_ids": [
              "sg-ffe9fa82"
            ]
          },
          "sensitive_attributes": [],
          "private": "eyJlMmJmYjczMC1lY2FhLTExZTYtOGY4OC0zNDM2M2JjN2M0YzAiOnsiY3JlYXRlIjo2MDAwMDAwMDAwMDAsImRlbGV0ZSI6MTIwMDAwMDAwMDAwMCwidXBkYXRlIjo2MDAwMDAwMDAwMDB9LCJzY2hlbWFfdmVyc2lvbiI6IjEifQ=="
        }
      ]
    }
  ]
}
