{
  "version": 4,
  "terraform_version": "1.0.0",
  "serial": 80,
  "lineage": "c69e724f-efd7-4f37-5504-e03059ec5f35",
  "outputs": {},
  "resources": [
    {
      "mode": "managed",
      "type": "aws_subnet",
      "name": "main",
      "provider": "provider[\"registry.terraform.io/hashicorp/aws\"]",
      "instances": [
        {
          "schema_version": 1,
          "attributes": {
            "arn": "arn:aws:ec2:ap-south-1:936766936551:subnet/subnet-0a083b992b3045496",
            "assign_ipv6_address_on_creation": false,
            "availability_zone": "ap-south-1c",
            "availability_zone_id": "aps1-az2",
            "cidr_block": "192.31.0.0/16",
            "customer_owned_ipv4_pool": "",
            "id": "subnet-0a083b992b3045496",
            "ipv6_cidr_block": "",
            "ipv6_cidr_block_association_id": "",
            "map_customer_owned_ip_on_launch": false,
            "map_public_ip_on_launch": false,
            "outpost_arn": "",
            "owner_id": "936766936551",
            "tags": {
              "Name": "IAG-SUBNET-Public"
            },
            "tags_all": {
              "Name": "IAG-SUBNET-Public"
            },
            "timeouts": null,
            "vpc_id": "vpc-09d46455e3de6548d"
          },
          "sensitive_attributes": [],
          "private": "eyJlMmJmYjczMC1lY2FhLTExZTYtOGY4OC0zNDM2M2JjN2M0YzAiOnsiY3JlYXRlIjo2MDAwMDAwMDAwMDAsImRlbGV0ZSI6MTIwMDAwMDAwMDAwMH0sInNjaGVtYV92ZXJzaW9uIjoiMSJ9",
          "dependencies": [
            "aws_vpc.main"
          ]
        }
      ]
    },
    {
      "mode": "managed",
      "type": "aws_vpc",
      "name": "main",
      "provider": "provider[\"registry.terraform.io/hashicorp/aws\"]",
      "instances": [
        {
          "schema_version": 1,
          "attributes": {
            "arn": "arn:aws:ec2:ap-south-1:936766936551:vpc/vpc-09d46455e3de6548d",
            "assign_generated_ipv6_cidr_block": false,
            "cidr_block": "192.31.0.0/16",
            "default_network_acl_id": "acl-02cf6faa040e8f90a",
            "default_route_table_id": "rtb-0b48336b0d36627b0",
            "default_security_group_id": "sg-0b60df2f85d7353db",
            "dhcp_options_id": "dopt-ea238881",
            "enable_classiclink": null,
            "enable_classiclink_dns_support": null,
            "enable_dns_hostnames": false,
            "enable_dns_support": true,
            "id": "vpc-09d46455e3de6548d",
            "instance_tenancy": "default",
            "ipv6_association_id": "",
            "ipv6_cidr_block": "",
            "main_route_table_id": "rtb-0b48336b0d36627b0",
            "owner_id": "936766936551",
            "tags": {
              "Name": "IAG-VPC-01"
            },
            "tags_all": {
              "Name": "IAG-VPC-01"
            }
          },
          "sensitive_attributes": [],
          "private": "eyJzY2hlbWFfdmVyc2lvbiI6IjEifQ=="
        }
      ]
    }
  ]
}
